
Microsoft Visual Studio Solution File, Format Version 12.00
# Visual Studio Version 17
VisualStudioVersion = 17.7.34221.43
MinimumVisualStudioVersion = 10.0.40219.1
Project("{FAE04EC0-301F-11D3-BF4B-00C04F79EFBC}") = "WebDev", "WebDev\WebDev.csproj", "{1CED8E0E-BFAA-4A98-93A4-C85648E6CB1D}"
EndProject
Global
	GlobalSection(SolutionConfigurationPlatforms) = preSolution
		Debug|Any CPU = Debug|Any CPU
		Release|Any CPU = Release|Any CPU
	EndGlobalSection
	GlobalSection(ProjectConfigurationPlatforms) = postSolution
		{1CED8E0E-BFAA-4A98-93A4-C85648E6CB1D}.Debug|Any CPU.ActiveCfg = Debug|Any CPU
		{1CED8E0E-BFAA-4A98-93A4-C85648E6CB1D}.Debug|Any CPU.Build.0 = Debug|Any CPU
		{1CED8E0E-BFAA-4A98-93A4-C85648E6CB1D}.Release|Any CPU.ActiveCfg = Release|Any CPU
		{1CED8E0E-BFAA-4A98-93A4-C85648E6CB1D}.Release|Any CPU.Build.0 = Release|Any CPU
	EndGlobalSection
	GlobalSection(SolutionProperties) = preSolution
		HideSolutionNode = FALSE
	EndGlobalSection
	GlobalSection(ExtensibilityGlobals) = postSolution
		SolutionGuid = {57C815F2-BA58-4C8A-AAEB-BF0C81BE07CF}
	EndGlobalSection
EndGlobal
